
Microsoft Visual Studio Solution File, Format Version 12.00
# Visual Studio 15
VisualStudioVersion = 15.0.27703.2026
MinimumVisualStudioVersion = 10.0.40219.1
Project("{FAE04EC0-301F-11D3-BF4B-00C04F79EFBC}") = "ObservadorApp", "ObservadorApp\ObservadorApp.csproj", "{293C426A-9797-4D9D-95E3-C3BD8FE9651D}"
EndProject
Global
	GlobalSection(SolutionConfigurationPlatforms) = preSolution
		Debug|Any CPU = Debug|Any CPU
		Release|Any CPU = Release|Any CPU
	EndGlobalSection
	GlobalSection(ProjectConfigurationPlatforms) = postSolution
		{293C426A-9797-4D9D-95E3-C3BD8FE9651D}.Debug|Any CPU.ActiveCfg = Debug|Any CPU
		{293C426A-9797-4D9D-95E3-C3BD8FE9651D}.Debug|Any CPU.Build.0 = Debug|Any CPU
		{293C426A-9797-4D9D-95E3-C3BD8FE9651D}.Release|Any CPU.ActiveCfg = Release|Any CPU
		{293C426A-9797-4D9D-95E3-C3BD8FE9651D}.Release|Any CPU.Build.0 = Release|Any CPU
	EndGlobalSection
	GlobalSection(SolutionProperties) = preSolution
		HideSolutionNode = FALSE
	EndGlobalSection
	GlobalSection(ExtensibilityGlobals) = postSolution
		SolutionGuid = {CF954D75-D6C6-4435-8BD3-76AD5EBAFD51}
	EndGlobalSection
EndGlobal
